
Microsoft Visual Studio Solution File, Format Version 12.00
# Visual Studio Version 17
VisualStudioVersion = 17.14.36915.13
MinimumVisualStudioVersion = 10.0.40219.1
Project("{FAE04EC0-301F-11D3-BF4B-00C04F79EFBC}") = "SmartApiary.Application", "SmartApiary.Application\SmartApiary.Application.csproj", "{79A27AC9-2C24-9F34-668E-A69475525153}"
EndProject
Project("{FAE04EC0-301F-11D3-BF4B-00C04F79EFBC}") = "SmartApiary.Domain", "SmartApiary.Domain\SmartApiary.Domain.csproj", "{83C5B672-3394-619A-59A7-F6BDB2C6256A}"
EndProject
Project("{FAE04EC0-301F-11D3-BF4B-00C04F79EFBC}") = "SmartApiary.Functions", "SmartApiary.Functions\SmartApiary.Functions.csproj", "{823D0E62-0D58-B9E7-A44A-0CA6DE004FF3}"
EndProject
Project("{FAE04EC0-301F-11D3-BF4B-00C04F79EFBC}") = "SmartApiary.Infrastructure", "SmartApiary.Infrastructure\SmartApiary.Infrastructure.csproj", "{8478740A-8B83-5B19-C4DF-5E5D24EDFE04}"
EndProject
Project("{FAE04EC0-301F-11D3-BF4B-00C04F79EFBC}") = "SmartApiary.ITSimulator", "SmartApiary.ITSimulator\SmartApiary.ITSimulator.csproj", "{9CE16764-4606-656E-B0CF-3AB76DB92A19}"
EndProject
Project("{FAE04EC0-301F-11D3-BF4B-00C04F79EFBC}") = "SmartApiary.Tools", "SmartApiary.Tools\SmartApiary.Tools.csproj", "{B36C0E7F-10C2-9384-E681-5E3D638052E7}"
EndProject
Project("{FAE04EC0-301F-11D3-BF4B-00C04F79EFBC}") = "SmartApiary.WebApi", "SmartApiary.WebApi\SmartApiary.WebApi.csproj", "{E7DB97A4-5EF0-55BF-0D6A-39EA63A1838C}"
EndProject
Global
	GlobalSection(SolutionConfigurationPlatforms) = preSolution
		Debug|Any CPU = Debug|Any CPU
		Release|Any CPU = Release|Any CPU
	EndGlobalSection
	GlobalSection(ProjectConfigurationPlatforms) = postSolution
		{79A27AC9-2C24-9F34-668E-A69475525153}.Debug|Any CPU.ActiveCfg = Debug|Any CPU
		{79A27AC9-2C24-9F34-668E-A69475525153}.Debug|Any CPU.Build.0 = Debug|Any CPU
		{79A27AC9-2C24-9F34-668E-A69475525153}.Release|Any CPU.ActiveCfg = Release|Any CPU
		{79A27AC9-2C24-9F34-668E-A69475525153}.Release|Any CPU.Build.0 = Release|Any CPU
		{83C5B672-3394-619A-59A7-F6BDB2C6256A}.Debug|Any CPU.ActiveCfg = Debug|Any CPU
		{83C5B672-3394-619A-59A7-F6BDB2C6256A}.Debug|Any CPU.Build.0 = Debug|Any CPU
		{83C5B672-3394-619A-59A7-F6BDB2C6256A}.Release|Any CPU.ActiveCfg = Release|Any CPU
		{83C5B672-3394-619A-59A7-F6BDB2C6256A}.Release|Any CPU.Build.0 = Release|Any CPU
		{823D0E62-0D58-B9E7-A44A-0CA6DE004FF3}.Debug|Any CPU.ActiveCfg = Debug|Any CPU
		{823D0E62-0D58-B9E7-A44A-0CA6DE004FF3}.Debug|Any CPU.Build.0 = Debug|Any CPU
		{823D0E62-0D58-B9E7-A44A-0CA6DE004FF3}.Release|Any CPU.ActiveCfg = Release|Any CPU
		{823D0E62-0D58-B9E7-A44A-0CA6DE004FF3}.Release|Any CPU.Build.0 = Release|Any CPU
		{8478740A-8B83-5B19-C4DF-5E5D24EDFE04}.Debug|Any CPU.ActiveCfg = Debug|Any CPU
		{8478740A-8B83-5B19-C4DF-5E5D24EDFE04}.Debug|Any CPU.Build.0 = Debug|Any CPU
		{8478740A-8B83-5B19-C4DF-5E5D24EDFE04}.Release|Any CPU.ActiveCfg = Release|Any CPU
		{8478740A-8B83-5B19-C4DF-5E5D24EDFE04}.Release|Any CPU.Build.0 = Release|Any CPU
		{9CE16764-4606-656E-B0CF-3AB76DB92A19}.Debug|Any CPU.ActiveCfg = Debug|Any CPU
		{9CE16764-4606-656E-B0CF-3AB76DB92A19}.Debug|Any CPU.Build.0 = Debug|Any CPU
		{9CE16764-4606-656E-B0CF-3AB76DB92A19}.Release|Any CPU.ActiveCfg = Release|Any CPU
		{9CE16764-4606-656E-B0CF-3AB76DB92A19}.Release|Any CPU.Build.0 = Release|Any CPU
		{B36C0E7F-10C2-9384-E681-5E3D638052E7}.Debug|Any CPU.ActiveCfg = Debug|Any CPU
		{B36C0E7F-10C2-9384-E681-5E3D638052E7}.Debug|Any CPU.Build.0 = Debug|Any CPU
		{B36C0E7F-10C2-9384-E681-5E3D638052E7}.Release|Any CPU.ActiveCfg = Release|Any CPU
		{B36C0E7F-10C2-9384-E681-5E3D638052E7}.Release|Any CPU.Build.0 = Release|Any CPU
		{E7DB97A4-5EF0-55BF-0D6A-39EA63A1838C}.Debug|Any CPU.ActiveCfg = Debug|Any CPU
		{E7DB97A4-5EF0-55BF-0D6A-39EA63A1838C}.Debug|Any CPU.Build.0 = Debug|Any CPU
		{E7DB97A4-5EF0-55BF-0D6A-39EA63A1838C}.Release|Any CPU.ActiveCfg = Release|Any CPU
		{E7DB97A4-5EF0-55BF-0D6A-39EA63A1838C}.Release|Any CPU.Build.0 = Release|Any CPU
	EndGlobalSection
	GlobalSection(SolutionProperties) = preSolution
		HideSolutionNode = FALSE
	EndGlobalSection
	GlobalSection(ExtensibilityGlobals) = postSolution
		SolutionGuid = {B5D53202-2522-483F-8D90-51F0E192E81B}
	EndGlobalSection
EndGlobal
